
Microsoft Visual Studio Solution File, Format Version 12.00
# Visual Studio Version 16
VisualStudioVersion = 16.0.28922.388
MinimumVisualStudioVersion = 10.0.40219.1
Project("{9A19103F-16F7-4668-BE54-9A1E7A4F7556}") = "StretchBuildstrong.Function", "StretchBuildstrong.Function\StretchBuildstrong.Function.csproj", "{1215D3F6-279F-4B70-BB91-D881077D4192}"
EndProject
Project("{00D1A9C2-B5F0-4AF3-8072-F6C62B433612}") = "StretchBuildstrong.DB", "StretchBuildstrong.DB\StretchBuildstrong.DB.sqlproj", "{ABAF495A-0865-4BEC-B28D-43C8F2BFAE6A}"
EndProject
Global
	GlobalSection(SolutionConfigurationPlatforms) = preSolution
		Debug|Any CPU = Debug|Any CPU
		Release|Any CPU = Release|Any CPU
	EndGlobalSection
	GlobalSection(ProjectConfigurationPlatforms) = postSolution
		{1215D3F6-279F-4B70-BB91-D881077D4192}.Debug|Any CPU.ActiveCfg = Debug|Any CPU
		{1215D3F6-279F-4B70-BB91-D881077D4192}.Debug|Any CPU.Build.0 = Debug|Any CPU
		{1215D3F6-279F-4B70-BB91-D881077D4192}.Release|Any CPU.ActiveCfg = Release|Any CPU
		{1215D3F6-279F-4B70-BB91-D881077D4192}.Release|Any CPU.Build.0 = Release|Any CPU
		{ABAF495A-0865-4BEC-B28D-43C8F2BFAE6A}.Debug|Any CPU.ActiveCfg = Debug|Any CPU
		{ABAF495A-0865-4BEC-B28D-43C8F2BFAE6A}.Debug|Any CPU.Build.0 = Debug|Any CPU
		{ABAF495A-0865-4BEC-B28D-43C8F2BFAE6A}.Debug|Any CPU.Deploy.0 = Debug|Any CPU
		{ABAF495A-0865-4BEC-B28D-43C8F2BFAE6A}.Release|Any CPU.ActiveCfg = Release|Any CPU
		{ABAF495A-0865-4BEC-B28D-43C8F2BFAE6A}.Release|Any CPU.Build.0 = Release|Any CPU
		{ABAF495A-0865-4BEC-B28D-43C8F2BFAE6A}.Release|Any CPU.Deploy.0 = Release|Any CPU
	EndGlobalSection
	GlobalSection(SolutionProperties) = preSolution
		HideSolutionNode = FALSE
	EndGlobalSection
	GlobalSection(ExtensibilityGlobals) = postSolution
		SolutionGuid = {FDAEA713-4CB3-4AFB-AE99-3415265CE44F}
	EndGlobalSection
EndGlobal
